// !$*UTF8*$!
{
	archiveVersion = 1;
	classes = {
	};
	objectVersion = 46;
	objects = {

/* Begin PBXBuildFile section */
		D67825A11B74C4D000B9A426 /* main.m in Sources */ = {isa = PBXBuildFile; fileRef = D67825A01B74C4D000B9A426 /* main.m */; };
		D67825A41B74C4D000B9A426 /* AppDelegate.m in Sources */ = {isa = PBXBuildFile; fileRef = D67825A31B74C4D000B9A426 /* AppDelegate.m */; };
		D67825A71B74C4D000B9A426 /* ViewController.m in Sources */ = {isa = PBXBuildFile; fileRef = D67825A61B74C4D000B9A426 /* ViewController.m */; };
		D67825AA1B74C4D000B9A426 /* Main.storyboard in Resources */ = {isa = PBXBuildFile; fileRef = D67825A81B74C4D000B9A426 /* Main.storyboard */; };
		D67825AC1B74C4D000B9A426 /* Images.xcassets in Resources */ = {isa = PBXBuildFile; fileRef = D67825AB1B74C4D000B9A426 /* Images.xcassets */; };
		D67825AF1B74C4D000B9A426 /* LaunchScreen.xib in Resources */ = {isa = PBXBuildFile; fileRef = D67825AD1B74C4D000B9A426 /* LaunchScreen.xib */; };
		D67825BB1B74C4D000B9A426 /* ____Tests.m in Sources */ = {isa = PBXBuildFile; fileRef = D67825BA1B74C4D000B9A426 /* ____Tests.m */; };
/* End PBXBuildFile section */

/* Begin PBXContainerItemProxy section */
		D67825B51B74C4D000B9A426 /* PBXContainerItemProxy */ = {
			isa = PBXContainerItemProxy;
			containerPortal = D67825931B74C4D000B9A426 /* Project object */;
			proxyType = 1;
			remoteGlobalIDString = D678259A1B74C4D000B9A426;
			remoteInfo = "蛋蛋微博";
		};
/* End PBXContainerItemProxy section */

/* Begin PBXFileReference section */
		D678259B1B74C4D000B9A426 /* 蛋蛋微博.app */ = {isa = PBXFileReference; explicitFileType = wrapper.application; includeInIndex = 0; path = "蛋蛋微博.app"; sourceTree = BUILT_PRODUCTS_DIR; };
		D678259F1B74C4D000B9A426 /* Info.plist */ = {isa = PBXFileReference; lastKnownFileType = text.plist.xml; path = Info.plist; sourceTree = "<group>"; };
		D67825A01B74C4D000B9A426 /* main.m */ = {isa = PBXFileReference; lastKnownFileType = sourcecode.c.objc; path = main.m; sourceTree = "<group>"; };
		D67825A21B74C4D000B9A426 /* AppDelegate.h */ = {isa = PBXFileReference; lastKnownFileType = sourcecode.c.h; path = AppDelegate.h; sourceTree = "<group>"; };
		D67825A31B74C4D000B9A426 /* AppDelegate.m */ = {isa = PBXFileReference; lastKnownFileType = sourcecode.c.objc; path = AppDelegate.m; sourceTree = "<group>"; };
		D67825A51B74C4D000B9A426 /* ViewController.h */ = {isa = PBXFileReference; lastKnownFileType = sourcecode.c.h; path = ViewController.h; sourceTree = "<group>"; };
		D67825A61B74C4D000B9A426 /* ViewController.m */ = {isa = PBXFileReference; lastKnownFileType = sourcecode.c.objc; path = ViewController.m; sourceTree = "<group>"; };
		D67825A91B74C4D000B9A426 /* Base */ = {isa = PBXFileReference; lastKnownFileType = file.storyboard; name = Base; path = Base.lproj/Main.storyboard; sourceTree = "<group>"; };
		D67825AB1B74C4D000B9A426 /* Images.xcassets */ = {isa = PBXFileReference; lastKnownFileType = folder.assetcatalog; path = Images.xcassets; sourceTree = "<group>"; };
		D67825AE1B74C4D000B9A426 /* Base */ = {isa = PBXFileReference; lastKnownFileType = file.xib; name = Base; path = Base.lproj/LaunchScreen.xib; sourceTree = "<group>"; };
		D67825B41B74C4D000B9A426 /* 蛋蛋微博Tests.xctest */ = {isa = PBXFileReference; explicitFileType = wrapper.cfbundle; includeInIndex = 0; path = "蛋蛋微博Tests.xctest"; sourceTree = BUILT_PRODUCTS_DIR; };
		D67825B91B74C4D000B9A426 /* Info.plist */ = {isa = PBXFileReference; lastKnownFileType = text.plist.xml; path = Info.plist; sourceTree = "<group>"; };
		D67825BA1B74C4D000B9A426 /* ____Tests.m */ = {isa = PBXFileReference; lastKnownFileType = sourcecode.c.objc; path = "____Tests.m"; sourceTree = "<group>"; };
/* End PBXFileReference section */

/* Begin PBXFrameworksBuildPhase section */
		D67825981B74C4D000B9A426 /* Frameworks */ = {
			isa = PBXFrameworksBuildPhase;
			buildActionMask = 2147483647;
			files = (
			);
			runOnlyForDeploymentPostprocessing = 0;
		};
		D67825B11B74C4D000B9A426 /* Frameworks */ = {
			isa = PBXFrameworksBuildPhase;
			buildActionMask = 2147483647;
			files = (
			);
			runOnlyForDeploymentPostprocessing = 0;
		};
/* End PBXFrameworksBuildPhase section */

/* Begin PBXGroup section */
		D67825921B74C4D000B9A426 = {
			isa = PBXGroup;
			children = (
				D678259D1B74C4D000B9A426 /* 蛋蛋微博 */,
				D67825B71B74C4D000B9A426 /* 蛋蛋微博Tests */,
				D678259C1B74C4D000B9A426 /* Products */,
			);
			sourceTree = "<group>";
		};
		D678259C1B74C4D000B9A426 /* Products */ = {
			isa = PBXGroup;
			children = (
				D678259B1B74C4D000B9A426 /* 蛋蛋微博.app */,
				D67825B41B74C4D000B9A426 /* 蛋蛋微博Tests.xctest */,
			);
			name = Products;
			sourceTree = "<group>";
		};
		D678259D1B74C4D000B9A426 /* 蛋蛋微博 */ = {
			isa = PBXGroup;
			children = (
				D67825A21B74C4D000B9A426 /* AppDelegate.h */,
				D67825A31B74C4D000B9A426 /* AppDelegate.m */,
				D67825A51B74C4D000B9A426 /* ViewController.h */,
				D67825A61B74C4D000B9A426 /* ViewController.m */,
				D67825A81B74C4D000B9A426 /* Main.storyboard */,
				D67825AB1B74C4D000B9A426 /* Images.xcassets */,
				D67825AD1B74C4D000B9A426 /* LaunchScreen.xib */,
				D678259E1B74C4D000B9A426 /* Supporting Files */,
			);
			path = "蛋蛋微博";
			sourceTree = "<group>";
		};
		D678259E1B74C4D000B9A426 /* Supporting Files */ = {
			isa = PBXGroup;
			children = (
				D678259F1B74C4D000B9A426 /* Info.plist */,
				D67825A01B74C4D000B9A426 /* main.m */,
			);
			name = "Supporting Files";
			sourceTree = "<group>";
		};
		D67825B71B74C4D000B9A426 /* 蛋蛋微博Tests */ = {
			isa = PBXGroup;
			children = (
				D67825BA1B74C4D000B9A426 /* ____Tests.m */,
				D67825B81B74C4D000B9A426 /* Supporting Files */,
			);
			path = "蛋蛋微博Tests";
			sourceTree = "<group>";
		};
		D67825B81B74C4D000B9A426 /* Supporting Files */ = {
			isa = PBXGroup;
			children = (
				D67825B91B74C4D000B9A426 /* Info.plist */,
			);
			name = "Supporting Files";
			sourceTree = "<group>";
		};
/* End PBXGroup section */

/* Begin PBXNativeTarget section */
		D678259A1B74C4D000B9A426 /* 蛋蛋微博 */ = {
			isa = PBXNativeTarget;
			buildConfigurationList = D67825BE1B74C4D000B9A426 /* Build configuration list for PBXNativeTarget "蛋蛋微博" */;
			buildPhases = (
				D67825971B74C4D000B9A426 /* Sources */,
				D67825981B74C4D000B9A426 /* Frameworks */,
				D67825991B74C4D000B9A426 /* Resources */,
			);
			buildRules = (
			);
			dependencies = (
			);
			name = "蛋蛋微博";
			productName = "蛋蛋微博";
			productReference = D678259B1B74C4D000B9A426 /* 蛋蛋微博.app */;
			productType = "com.apple.product-type.application";
		};
		D67825B31B74C4D000B9A426 /* 蛋蛋微博Tests */ = {
			isa = PBXNativeTarget;
			buildConfigurationList = D67825C11B74C4D000B9A426 /* Build configuration list for PBXNativeTarget "蛋蛋微博Tests" */;
			buildPhases = (
				D67825B01B74C4D000B9A426 /* Sources */,
				D67825B11B74C4D000B9A426 /* Frameworks */,
				D67825B21B74C4D000B9A426 /* Resources */,
			);
			buildRules = (
			);
			dependencies = (
				D67825B61B74C4D000B9A426 /* PBXTargetDependency */,
			);
			name = "蛋蛋微博Tests";
			productName = "蛋蛋微博Tests";
			productReference = D67825B41B74C4D000B9A426 /* 蛋蛋微博Tests.xctest */;
			productType = "com.apple.product-type.bundle.unit-test";
		};
/* End PBXNativeTarget section */

/* Begin PBXProject section */
		D67825931B74C4D000B9A426 /* Project object */ = {
			isa = PBXProject;
			attributes = {
				LastUpgradeCheck = 0630;
				ORGANIZATIONNAME = LiDan;
				TargetAttributes = {
					D678259A1B74C4D000B9A426 = {
						CreatedOnToolsVersion = 6.3.1;
					};
					D67825B31B74C4D000B9A426 = {
						CreatedOnToolsVersion = 6.3.1;
						TestTargetID = D678259A1B74C4D000B9A426;
					};
				};
			};
			buildConfigurationList = D67825961B74C4D000B9A426 /* Build configuration list for PBXProject "蛋蛋微博" */;
			compatibilityVersion = "Xcode 3.2";
			developmentRegion = English;
			hasScannedForEncodings = 0;
			knownRegions = (
				en,
				Base,
			);
			mainGroup = D67825921B74C4D000B9A426;
			productRefGroup = D678259C1B74C4D000B9A426 /* Products */;
			projectDirPath = "";
			projectRoot = "";
			targets = (
				D678259A1B74C4D000B9A426 /* 蛋蛋微博 */,
				D67825B31B74C4D000B9A426 /* 蛋蛋微博Tests */,
			);
		};
/* End PBXProject section */

/* Begin PBXResourcesBuildPhase section */
		D67825991B74C4D000B9A426 /* Resources */ = {
			isa = PBXResourcesBuildPhase;
			buildActionMask = 2147483647;
			files = (
				D67825AA1B74C4D000B9A426 /* Main.storyboard in Resources */,
				D67825AF1B74C4D000B9A426 /* LaunchScreen.xib in Resources */,
				D67825AC1B74C4D000B9A426 /* Images.xcassets in Resources */,
			);
			runOnlyForDeploymentPostprocessing = 0;
		};
		D67825B21B74C4D000B9A426 /* Resources */ = {
			isa = PBXResourcesBuildPhase;
			buildActionMask = 2147483647;
			files = (
			);
			runOnlyForDeploymentPostprocessing = 0;
		};
/* End PBXResourcesBuildPhase section */

/* Begin PBXSourcesBuildPhase section */
		D67825971B74C4D000B9A426 /* Sources */ = {
			isa = PBXSourcesBuildPhase;
			buildActionMask = 2147483647;
			files = (
				D67825A71B74C4D000B9A426 /* ViewController.m in Sources */,
				D67825A41B74C4D000B9A426 /* AppDelegate.m in Sources */,
				D67825A11B74C4D000B9A426 /* main.m in Sources */,
			);
			runOnlyForDeploymentPostprocessing = 0;
		};
		D67825B01B74C4D000B9A426 /* Sources */ = {
			isa = PBXSourcesBuildPhase;
			buildActionMask = 2147483647;
			files = (
				D67825BB1B74C4D000B9A426 /* ____Tests.m in Sources */,
			);
			runOnlyForDeploymentPostprocessing = 0;
		};
/* End PBXSourcesBuildPhase section */

/* Begin PBXTargetDependency section */
		D67825B61B74C4D000B9A426 /* PBXTargetDependency */ = {
			isa = PBXTargetDependency;
			target = D678259A1B74C4D000B9A426 /* 蛋蛋微博 */;
			targetProxy = D67825B51B74C4D000B9A426 /* PBXContainerItemProxy */;
		};
/* End PBXTargetDependency section */

/* Begin PBXVariantGroup section */
		D67825A81B74C4D000B9A426 /* Main.storyboard */ = {
			isa = PBXVariantGroup;
			children = (
				D67825A91B74C4D000B9A426 /* Base */,
			);
			name = Main.storyboard;
			sourceTree = "<group>";
		};
		D67825AD1B74C4D000B9A426 /* LaunchScreen.xib */ = {
			isa = PBXVariantGroup;
			children = (
				D67825AE1B74C4D000B9A426 /* Base */,
			);
			name = LaunchScreen.xib;
			sourceTree = "<group>";
		};
/* End PBXVariantGroup section */

/* Begin XCBuildConfiguration section */
		D67825BC1B74C4D000B9A426 /* Debug */ = {
			isa = XCBuildConfiguration;
			buildSettings = {
				ALWAYS_SEARCH_USER_PATHS = NO;
				CLANG_CXX_LANGUAGE_STANDARD = "gnu++0x";
				CLANG_CXX_LIBRARY = "libc++";
				CLANG_ENABLE_MODULES = YES;
				CLANG_ENABLE_OBJC_ARC = YES;
				CLANG_WARN_BOOL_CONVERSION = YES;
				CLANG_WARN_CONSTANT_CONVERSION = YES;
				CLANG_WARN_DIRECT_OBJC_ISA_USAGE = YES_ERROR;
				CLANG_WARN_EMPTY_BODY = YES;
				CLANG_WARN_ENUM_CONVERSION = YES;
				CLANG_WARN_INT_CONVERSION = YES;
				CLANG_WARN_OBJC_ROOT_CLASS = YES_ERROR;
				CLANG_WARN_UNREACHABLE_CODE = YES;
				CLANG_WARN__DUPLICATE_METHOD_MATCH = YES;
				"CODE_SIGN_IDENTITY[sdk=iphoneos*]" = "iPhone Developer";
				COPY_PHASE_STRIP = NO;
				DEBUG_INFORMATION_FORMAT = "dwarf-with-dsym";
				ENABLE_STRICT_OBJC_MSGSEND = YES;
				GCC_C_LANGUAGE_STANDARD = gnu99;
				GCC_DYNAMIC_NO_PIC = NO;
				GCC_NO_COMMON_BLOCKS = YES;
				GCC_OPTIMIZATION_LEVEL = 0;
				GCC_PREPROCESSOR_DEFINITIONS = (
					"DEBUG=1",
					"$(inherited)",
				);
				GCC_SYMBOLS_PRIVATE_EXTERN = NO;
				GCC_WARN_64_TO_32_BIT_CONVERSION = YES;
				GCC_WARN_ABOUT_RETURN_TYPE = YES_ERROR;
				GCC_WARN_UNDECLARED_SELECTOR = YES;
				GCC_WARN_UNINITIALIZED_AUTOS = YES_AGGRESSIVE;
				GCC_WARN_UNUSED_FUNCTION = YES;
				GCC_WARN_UNUSED_VARIABLE = YES;
				IPHONEOS_DEPLOYMENT_TARGET = 8.3;
				MTL_ENABLE_DEBUG_INFO = YES;
				ONLY_ACTIVE_ARCH = YES;
				SDKROOT = iphoneos;
				TARGETED_DEVICE_FAMILY = "1,2";
			};
			name = Debug;
		};
		D67825BD1B74C4D000B9A426 /* Release */ = {
			isa = XCBuildConfiguration;
			buildSettings = {
				ALWAYS_SEARCH_USER_PATHS = NO;
				CLANG_CXX_LANGUAGE_STANDARD = "gnu++0x";
				CLANG_CXX_LIBRARY = "libc++";
				CLANG_ENABLE_MODULES = YES;
				CLANG_ENABLE_OBJC_ARC = YES;
				CLANG_WARN_BOOL_CONVERSION = YES;
				CLANG_WARN_CONSTANT_CONVERSION = YES;
				CLANG_WARN_DIRECT_OBJC_ISA_USAGE = YES_ERROR;
				CLANG_WARN_EMPTY_BODY = YES;
				CLANG_WARN_ENUM_CONVERSION = YES;
				CLANG_WARN_INT_CONVERSION = YES;
				CLANG_WARN_OBJC_ROOT_CLASS = YES_ERROR;
				CLANG_WARN_UNREACHABLE_CODE = YES;
				CLANG_WARN__DUPLICATE_METHOD_MATCH = YES;
				"CODE_SIGN_IDENTITY[sdk=iphoneos*]" = "iPhone Developer";
				COPY_PHASE_STRIP = NO;
				DEBUG_INFORMATION_FORMAT = "dwarf-with-dsym";
				ENABLE_NS_ASSERTIONS = NO;
				ENABLE_STRICT_OBJC_MSGSEND = YES;
				GCC_C_LANGUAGE_STANDARD = gnu99;
				GCC_NO_COMMON_BLOCKS = YES;
				GCC_WARN_64_TO_32_BIT_CONVERSION = YES;
				GCC_WARN_ABOUT_RETURN_TYPE = YES_ERROR;
				GCC_WARN_UNDECLARED_SELECTOR = YES;
				GCC_WARN_UNINITIALIZED_AUTOS = YES_AGGRESSIVE;
				GCC_WARN_UNUSED_FUNCTION = YES;
				GCC_WARN_UNUSED_VARIABLE = YES;
				IPHONEOS_DEPLOYMENT_TARGET = 8.3;
				MTL_ENABLE_DEBUG_INFO = NO;
				SDKROOT = iphoneos;
				TARGETED_DEVICE_FAMILY = "1,2";
				VALIDATE_PRODUCT = YES;
			};
			name = Release;
		};
		D67825BF1B74C4D000B9A426 /* Debug */ = {
			isa = XCBuildConfiguration;
			buildSettings = {
				ASSETCATALOG_COMPILER_APPICON_NAME = AppIcon;
				INFOPLIST_FILE = "蛋蛋微博/Info.plist";
				LD_RUNPATH_SEARCH_PATHS = "$(inherited) @executable_path/Frameworks";
				PRODUCT_NAME = "$(TARGET_NAME)";
			};
			name = Debug;
		};
		D67825C01B74C4D000B9A426 /* Release */ = {
			isa = XCBuildConfiguration;
			buildSettings = {
				ASSETCATALOG_COMPILER_APPICON_NAME = AppIcon;
				INFOPLIST_FILE = "蛋蛋微博/Info.plist";
				LD_RUNPATH_SEARCH_PATHS = "$(inherited) @executable_path/Frameworks";
				PRODUCT_NAME = "$(TARGET_NAME)";
			};
			name = Release;
		};
		D67825C21B74C4D000B9A426 /* Debug */ = {
			isa = XCBuildConfiguration;
			buildSettings = {
				BUNDLE_LOADER = "$(TEST_HOST)";
				FRAMEWORK_SEARCH_PATHS = (
					"$(SDKROOT)/Developer/Library/Frameworks",
					"$(inherited)",
				);
				GCC_PREPROCESSOR_DEFINITIONS = (
					"DEBUG=1",
					"$(inherited)",
				);
				INFOPLIST_FILE = "蛋蛋微博Tests/Info.plist";
				LD_RUNPATH_SEARCH_PATHS = "$(inherited) @executable_path/Frameworks @loader_path/Frameworks";
				PRODUCT_NAME = "$(TARGET_NAME)";
				TEST_HOST = "$(BUILT_PRODUCTS_DIR)/蛋蛋微博.app/蛋蛋微博";
			};
			name = Debug;
		};
		D67825C31B74C4D000B9A426 /* Release */ = {
			isa = XCBuildConfiguration;
			buildSettings = {
				BUNDLE_LOADER = "$(TEST_HOST)";
				FRAMEWORK_SEARCH_PATHS = (
					"$(SDKROOT)/Developer/Library/Frameworks",
					"$(inherited)",
				);
				INFOPLIST_FILE = "蛋蛋微博Tests/Info.plist";
				LD_RUNPATH_SEARCH_PATHS = "$(inherited) @executable_path/Frameworks @loader_path/Frameworks";
				PRODUCT_NAME = "$(TARGET_NAME)";
				TEST_HOST = "$(BUILT_PRODUCTS_DIR)/蛋蛋微博.app/蛋蛋微博";
			};
			name = Release;
		};
/* End XCBuildConfiguration section */

/* Begin XCConfigurationList section */
		D67825961B74C4D000B9A426 /* Build configuration list for PBXProject "蛋蛋微博" */ = {
			isa = XCConfigurationList;
			buildConfigurations = (
				D67825BC1B74C4D000B9A426 /* Debug */,
				D67825BD1B74C4D000B9A426 /* Release */,
			);
			defaultConfigurationIsVisible = 0;
			defaultConfigurationName = Release;
		};
		D67825BE1B74C4D000B9A426 /* Build configuration list for PBXNativeTarget "蛋蛋微博" */ = {
			isa = XCConfigurationList;
			buildConfigurations = (
				D67825BF1B74C4D000B9A426 /* Debug */,
				D67825C01B74C4D000B9A426 /* Release */,
			);
			defaultConfigurationIsVisible = 0;
		};
		D67825C11B74C4D000B9A426 /* Build configuration list for PBXNativeTarget "蛋蛋微博Tests" */ = {
			isa = XCConfigurationList;
			buildConfigurations = (
				D67825C21B74C4D000B9A426 /* Debug */,
				D67825C31B74C4D000B9A426 /* Release */,
			);
			defaultConfigurationIsVisible = 0;
		};
/* End XCConfigurationList section */
	};
	rootObject = D67825931B74C4D000B9A426 /* Project object */;
}
